# This is a Gradle generated file for dependency locking.
# Manual edits can break the build and are not advised.
# This file is expected to be part of source control.
com.fasterxml.jackson.core:jackson-annotations:2.9.0
com.fasterxml.jackson.core:jackson-core:2.9.8
com.fasterxml.jackson.core:jackson-databind:2.9.8
com.fasterxml.jackson.dataformat:jackson-dataformat-yaml:2.9.8
commons-cli:commons-cli:1.4
commons-codec:commons-codec:1.12
org.apache.commons:commons-lang3:3.8.1
org.apache.logging.log4j:log4j-api:2.11.2
org.openjfx:javafx-base:11.0.1
org.openjfx:javafx-controls:11.0.1
org.openjfx:javafx-fxml:11.0.1
org.openjfx:javafx-graphics:11.0.1
org.springframework:spring-aop:5.1.5.RELEASE
org.springframework:spring-beans:5.1.5.RELEASE
org.springframework:spring-context:5.1.5.RELEASE
org.springframework:spring-core:5.1.5.RELEASE
org.springframework:spring-expression:5.1.5.RELEASE
org.springframework:spring-jcl:5.1.5.RELEASE
org.yaml:snakeyaml:1.23
